{
    "_readme": [
        "This file locks the dependencies of your project to a known state",
        "Read more about it at https://getcomposer.org/doc/01-basic-usage.md#composer-lock-the-lock-file",
        "This file is @generated automatically"
    ],
    "hash": "cc4f1a09f5a37d8222bc8e365d2cb737",
    "content-hash": "1231b7dee3a4735a899a71a69613999f",
    "packages": [
        {
            "name": "dapphp/securimage",
            "version": "3.6.7",
            "source": {
                "type": "git",
                "url": "https://github.com/dapphp/securimage.git",
                "reference": "1ecb884797c66e01a875c058def46c85aecea45b"
            },
            "dist": {
                "type": "zip",
                "url": "https://api.github.com/repos/dapphp/securimage/zipball/1ecb884797c66e01a875c058def46c85aecea45b",
                "reference": "1ecb884797c66e01a875c058def46c85aecea45b",
                "shasum": ""
            },
            "require": {
                "ext-gd": "*",
                "php": ">=5.4"
            },
            "suggest": {
                "ext-pdo": "For database storage support",
                "ext-pdo_mysql": "For MySQL database support",
                "ext-pdo_sqlite": "For SQLite3 database support"
            },
            "type": "library",
            "autoload": {
                "classmap": [
                    "securimage.php"
                ]
            },
            "notification-url": "https://packagist.org/downloads/",
            "license": [
                "BSD-3-Clause"
            ],
            "authors": [
                {
                    "name": "Drew Phillips",
                    "email": "drew@drew-phillips.com"
                }
            ],
            "description": "PHP CAPTCHA Library",
            "homepage": "https://www.phpcaptcha.org",
            "keywords": [
                "Forms",
                "anti-spam",
                "captcha",
                "security"
            ],
            "time": "2018-03-09 06:07:41"
        }
    ],
    "packages-dev": [],
    "aliases": [],
    "minimum-stability": "stable",
    "stability-flags": [],
    "prefer-stable": false,
    "prefer-lowest": false,
    "platform": {
        "php": ">=5.4"
    },
    "platform-dev": []
}
